
Microsoft Visual Studio Solution File, Format Version 12.00
# Visual Studio Version 16
VisualStudioVersion = 16.0.31019.35
MinimumVisualStudioVersion = 10.0.40219.1
Project("{8BC9CEB8-8B4A-11D0-8D11-00A0C91BC942}") = "Queue", "Queue\Queue.vcxproj", "{7E7DF1D2-CE87-4448-89FC-5DE482A3F805}"
EndProject
Global
	GlobalSection(SolutionConfigurationPlatforms) = preSolution
		Debug|x64 = Debug|x64
		Debug|x86 = Debug|x86
		Release|x64 = Release|x64
		Release|x86 = Release|x86
	EndGlobalSection
	GlobalSection(ProjectConfigurationPlatforms) = postSolution
		{7E7DF1D2-CE87-4448-89FC-5DE482A3F805}.Debug|x64.ActiveCfg = Debug|x64
		{7E7DF1D2-CE87-4448-89FC-5DE482A3F805}.Debug|x64.Build.0 = Debug|x64
		{7E7DF1D2-CE87-4448-89FC-5DE482A3F805}.Debug|x86.ActiveCfg = Debug|Win32
		{7E7DF1D2-CE87-4448-89FC-5DE482A3F805}.Debug|x86.Build.0 = Debug|Win32
		{7E7DF1D2-CE87-4448-89FC-5DE482A3F805}.Release|x64.ActiveCfg = Release|x64
		{7E7DF1D2-CE87-4448-89FC-5DE482A3F805}.Release|x64.Build.0 = Release|x64
		{7E7DF1D2-CE87-4448-89FC-5DE482A3F805}.Release|x86.ActiveCfg = Release|Win32
		{7E7DF1D2-CE87-4448-89FC-5DE482A3F805}.Release|x86.Build.0 = Release|Win32
	EndGlobalSection
	GlobalSection(SolutionProperties) = preSolution
		HideSolutionNode = FALSE
	EndGlobalSection
	GlobalSection(ExtensibilityGlobals) = postSolution
		SolutionGuid = {3C0340EA-A7BF-4C8F-BD5F-3578BE6A99B4}
	EndGlobalSection
EndGlobal
